
Microsoft Visual Studio Solution File, Format Version 12.00
# Visual Studio Version 17
VisualStudioVersion = 17.6.33829.357
MinimumVisualStudioVersion = 10.0.40219.1
Project("{FAE04EC0-301F-11D3-BF4B-00C04F79EFBC}") = "Biblioteca", "Biblioteca\Biblioteca.csproj", "{37949881-01D7-4A2B-815B-F2CC414B0537}"
EndProject
Global
	GlobalSection(SolutionConfigurationPlatforms) = preSolution
		Debug|Any CPU = Debug|Any CPU
		Release|Any CPU = Release|Any CPU
	EndGlobalSection
	GlobalSection(ProjectConfigurationPlatforms) = postSolution
		{37949881-01D7-4A2B-815B-F2CC414B0537}.Debug|Any CPU.ActiveCfg = Debug|Any CPU
		{37949881-01D7-4A2B-815B-F2CC414B0537}.Debug|Any CPU.Build.0 = Debug|Any CPU
		{37949881-01D7-4A2B-815B-F2CC414B0537}.Release|Any CPU.ActiveCfg = Release|Any CPU
		{37949881-01D7-4A2B-815B-F2CC414B0537}.Release|Any CPU.Build.0 = Release|Any CPU
	EndGlobalSection
	GlobalSection(SolutionProperties) = preSolution
		HideSolutionNode = FALSE
	EndGlobalSection
	GlobalSection(ExtensibilityGlobals) = postSolution
		SolutionGuid = {62ACF523-6DDA-4F9F-A4C3-27796DF5D9FA}
	EndGlobalSection
EndGlobal
